{
  "name": "pyophase",
  "requires": true,
  "lockfileVersion": 1,
  "dependencies": {
    "@fortawesome/fontawesome-free": {
      "version": "5.7.2",
      "resolved": "https://registry.npmjs.org/@fortawesome/fontawesome-free/-/fontawesome-free-5.7.2.tgz",
      "integrity": "sha512-Ha4HshKdCVKgu4TVCtG8XyPPYdzTzNW4/fvPnn+LT7AosRABryhlRv4cc4+o84dgpvVJN9reN7jo/c+nYujFug=="
    },
    "bootstrap": {
      "version": "4.3.0",
      "resolved": "https://registry.npmjs.org/bootstrap/-/bootstrap-4.3.0.tgz",
      "integrity": "sha512-M0vqY0Z6UDweV2nLFl5dXcb+GIo53EBCGMMVxCGH5vJxl/jsr+HkULBMd4kn9rdpdBZwd3BduCgMOYOwJybo4Q=="
    },
    "bootstrap-chosen": {
      "version": "github:alxlit/bootstrap-chosen#bd187f9eb77eb191b7437a99132229398dae6ce8",
      "from": "github:alxlit/bootstrap-chosen"
    },
    "chosen-js": {
      "version": "1.8.7",
      "resolved": "https://registry.npmjs.org/chosen-js/-/chosen-js-1.8.7.tgz",
      "integrity": "sha512-eVdrZJ2U5ISdObkgsi0od5vIJdLwq1P1Xa/Vj/mgxkMZf14DlgobfB6nrlFi3kW4kkvKLsKk4NDqZj1MU1DCpw=="
    },
    "jquery": {
      "version": "3.3.1",
      "resolved": "https://registry.npmjs.org/jquery/-/jquery-3.3.1.tgz",
      "integrity": "sha512-Ubldcmxp5np52/ENotGxlLe6aGMvmF4R8S6tZjsP6Knsaxd/xp3Zrh50cG93lR6nPXyUFwzN3ZSOQI0wRJNdGg=="
    },
    "popper.js": {
      "version": "1.14.7",
      "resolved": "https://registry.npmjs.org/popper.js/-/popper.js-1.14.7.tgz",
      "integrity": "sha512-4q1hNvoUre/8srWsH7hnoSJ5xVmIL4qgz+s4qf2TnJIMyZFUFMGH+9vE7mXynAlHSZ/NdTmmow86muD0myUkVQ=="
    }
  }
}
