{
  "name": "pyophase",
  "requires": true,
  "lockfileVersion": 1,
  "dependencies": {
    "bootstrap": {
      "version": "3.3.7",
      "resolved": "https://registry.npmjs.org/bootstrap/-/bootstrap-3.3.7.tgz",
      "integrity": "sha1-WjiTlFSfIzMIdaOxUGVldPip63E="
    },
    "bootstrap-chosen": {
      "version": "github:alxlit/bootstrap-chosen#bd187f9eb77eb191b7437a99132229398dae6ce8",
      "from": "github:alxlit/bootstrap-chosen"
    },
    "chosen-js": {
      "version": "1.7.0",
      "resolved": "https://registry.npmjs.org/chosen-js/-/chosen-js-1.7.0.tgz",
      "integrity": "sha1-jOsukp4qByiG7dOE14mJ37/6WMM="
    },
    "font-awesome": {
      "version": "4.7.0",
      "resolved": "https://registry.npmjs.org/font-awesome/-/font-awesome-4.7.0.tgz",
      "integrity": "sha1-j6jPBBGhoxr9B7BtKQK7n8gVoTM="
    },
    "jquery": {
      "version": "3.2.1",
      "resolved": "https://registry.npmjs.org/jquery/-/jquery-3.2.1.tgz",
      "integrity": "sha1-XE2d5lKvbNCncBVKYxu6ErAVx4c="
    }
  }
}
